{
  "name": "platformer3d-engine-client",
  "version": "0.2.0",
  "lockfileVersion": 3,
  "requires": true,
  "packages": {
    "": {
      "name": "platformer3d-engine-client",
      "version": "0.2.0",
      "license": "AGPL-3.0-or-later",
      "dependencies": {
        "@babylonjs/core": "9.1.0",
        "platformer3d-engine-server": ".."
      },
      "devDependencies": {
        "npm-check-updates": "20.0.0",
        "typescript": "6.0.2"
      }
    },
    "..": {
      "name": "platformer3d-engine-server",
      "version": "0.2.0",
      "license": "AGPL-3.0-or-later",
      "devDependencies": {
        "npm-check-updates": "20.0.0",
        "typescript": "6.0.2"
      }
    },
    "node_modules/@babylonjs/core": {
      "version": "9.1.0",
      "resolved": "https://registry.npmjs.org/@babylonjs/core/-/core-9.1.0.tgz",
      "integrity": "sha512-lc+BXKaNfJB1uSAdzjrxkJYEjGVC4ulph2x6Alj1xWKyh8sAAsc7G5Nfsa+PW5ybah0pYhkJwEk7yyLNxLpBWg==",
      "license": "Apache-2.0"
    },
    "node_modules/npm-check-updates": {
      "version": "20.0.0",
      "resolved": "https://registry.npmjs.org/npm-check-updates/-/npm-check-updates-20.0.0.tgz",
      "integrity": "sha512-qCs02x51irGf0okCttwv8lHEO2NxT903IJ2bKpG82kIzkm6pfT3CoWB5YIvqY/wi/DdnYRfI7eVfCYYymQgvCg==",
      "dev": true,
      "license": "Apache-2.0",
      "bin": {
        "ncu": "build/cli.js",
        "npm-check-updates": "build/cli.js"
      },
      "engines": {
        "node": ">=20.0.0",
        "npm": ">=8.12.1"
      }
    },
    "node_modules/platformer3d-engine-server": {
      "resolved": "..",
      "link": true
    },
    "node_modules/typescript": {
      "version": "6.0.2",
      "resolved": "https://registry.npmjs.org/typescript/-/typescript-6.0.2.tgz",
      "integrity": "sha512-bGdAIrZ0wiGDo5l8c++HWtbaNCWTS4UTv7RaTH/ThVIgjkveJt83m74bBHMJkuCbslY8ixgLBVZJIOiQlQTjfQ==",
      "dev": true,
      "license": "Apache-2.0",
      "bin": {
        "tsc": "bin/tsc",
        "tsserver": "bin/tsserver"
      },
      "engines": {
        "node": ">=14.17"
      }
    }
  }
}
